// !$*UTF8*$!
{
	archiveVersion = 1;
	classes = {
	};
	objectVersion = 46;
	objects = {

/* Begin PBXBuildFile section */
		2072E09E11E395E00037B632 /* EngineShutDownException.cpp in Sources */ = {isa = PBXBuildFile; fileRef = 2072E09D11E395E00037B632 /* EngineShutDownException.cpp */; };
		2078874911E076F600AE6011 /* TerminalOutlet.cpp in Sources */ = {isa = PBXBuildFile; fileRef = 2078874811E076F600AE6011 /* TerminalOutlet.cpp */; };
		2078874C11E0772200AE6011 /* FileOutlet.cpp in Sources */ = {isa = PBXBuildFile; fileRef = 2078874B11E0772200AE6011 /* FileOutlet.cpp */; };
		2078874F11E077AC00AE6011 /* PopupOutlet.cpp in Sources */ = {isa = PBXBuildFile; fileRef = 2078874E11E077AC00AE6011 /* PopupOutlet.cpp */; };
		2078875911E0929C00AE6011 /* EngineThreadMediator.cpp in Sources */ = {isa = PBXBuildFile; fileRef = 2078875811E0929C00AE6011 /* EngineThreadMediator.cpp */; };
		207A9F7111DB798200A60DF2 /* main.cpp in Sources */ = {isa = PBXBuildFile; fileRef = 207A9F7011DB798200A60DF2 /* main.cpp */; };
		2081D7F011E41CE10010E9DE /* Box.cpp in Sources */ = {isa = PBXBuildFile; fileRef = 2081D7D811E41CE10010E9DE /* Box.cpp */; };
		2081D7F111E41CE10010E9DE /* Guy.cpp in Sources */ = {isa = PBXBuildFile; fileRef = 2081D7DA11E41CE10010E9DE /* Guy.cpp */; };
		2081D7F211E41CE10010E9DE /* InputList.cpp in Sources */ = {isa = PBXBuildFile; fileRef = 2081D7DC11E41CE10010E9DE /* InputList.cpp */; };
		2081D7F311E41CE10010E9DE /* Item.cpp in Sources */ = {isa = PBXBuildFile; fileRef = 2081D7DE11E41CE10010E9DE /* Item.cpp */; };
		2081D7F411E41CE10010E9DE /* ObjectList.cpp in Sources */ = {isa = PBXBuildFile; fileRef = 2081D7E111E41CE10010E9DE /* ObjectList.cpp */; };
		2081D7F511E41CE10010E9DE /* PhysicsEngine.cpp in Sources */ = {isa = PBXBuildFile; fileRef = 2081D7E311E41CE10010E9DE /* PhysicsEngine.cpp */; };
		2081D7F611E41CE10010E9DE /* Pickup.cpp in Sources */ = {isa = PBXBuildFile; fileRef = 2081D7E511E41CE10010E9DE /* Pickup.cpp */; };
		2081D7F711E41CE10010E9DE /* Platform.cpp in Sources */ = {isa = PBXBuildFile; fileRef = 2081D7E711E41CE10010E9DE /* Platform.cpp */; };
		2081D7F811E41CE10010E9DE /* Switch.cpp in Sources */ = {isa = PBXBuildFile; fileRef = 2081D7E911E41CE10010E9DE /* Switch.cpp */; };
		2081D7FA11E41CE10010E9DE /* TimeEngine.cpp in Sources */ = {isa = PBXBuildFile; fileRef = 2081D7EC11E41CE10010E9DE /* TimeEngine.cpp */; };
		2081D7FB11E41CE10010E9DE /* UpdateStackMember.cpp in Sources */ = {isa = PBXBuildFile; fileRef = 2081D7EE11E41CE10010E9DE /* UpdateStackMember.cpp */; };
		208E78FC11DEFECE00B39F90 /* MainMenu.xib in Resources */ = {isa = PBXBuildFile; fileRef = 208E78F911DEFECE00B39F90 /* MainMenu.xib */; };
		20B4746F11E1606B000EDD34 /* AssertionException.cpp in Sources */ = {isa = PBXBuildFile; fileRef = 20B4746E11E1606B000EDD34 /* AssertionException.cpp */; };
		20B4747211E16092000EDD34 /* Exception.cpp in Sources */ = {isa = PBXBuildFile; fileRef = 20B4747111E16092000EDD34 /* Exception.cpp */; };
		20B476AE11E18E85000EDD34 /* MainEngine.cpp in Sources */ = {isa = PBXBuildFile; fileRef = 20B476AD11E18E85000EDD34 /* MainEngine.cpp */; };
		20B476B711E19FC7000EDD34 /* GameEngine.cpp in Sources */ = {isa = PBXBuildFile; fileRef = 20B476B611E19FC7000EDD34 /* GameEngine.cpp */; };
		20C3F29E11DF807A00F2DCD0 /* HourglassSwirl.icns in Resources */ = {isa = PBXBuildFile; fileRef = 20C3F29D11DF807A00F2DCD0 /* HourglassSwirl.icns */; };
		20CACFC011DC48FB00DE923B /* Tracer.cpp in Sources */ = {isa = PBXBuildFile; fileRef = 20CACFBF11DC48FB00DE923B /* Tracer.cpp */; };
		20CACFE011DC5DD900DE923B /* HourglassAssert.cpp in Sources */ = {isa = PBXBuildFile; fileRef = 20CACFDE11DC5DD900DE923B /* HourglassAssert.cpp */; };
		20CACFE411DC65B800DE923B /* Logger.cpp in Sources */ = {isa = PBXBuildFile; fileRef = 20CACFE311DC65B800DE923B /* Logger.cpp */; };
		20CACFE711DC65D300DE923B /* Outlet.cpp in Sources */ = {isa = PBXBuildFile; fileRef = 20CACFE611DC65D300DE923B /* Outlet.cpp */; };
/* End PBXBuildFile section */

/* Begin PBXFileReference section */
		2072DCCA11E2BB0C0037B632 /* Action.h */ = {isa = PBXFileReference; fileEncoding = 4; lastKnownFileType = sourcecode.c.h; path = Action.h; sourceTree = "<group>"; };
		2072DCCB11E2BB1D0037B632 /* ActionFromCallable.h */ = {isa = PBXFileReference; fileEncoding = 4; lastKnownFileType = sourcecode.c.h; path = ActionFromCallable.h; sourceTree = "<group>"; };
		2072DF7111E37D9A0037B632 /* DeferredCallWrapper.h */ = {isa = PBXFileReference; fileEncoding = 4; lastKnownFileType = sourcecode.c.h; path = DeferredCallWrapper.h; sourceTree = "<group>"; };
		2072E09C11E395E00037B632 /* EngineShutDownException.h */ = {isa = PBXFileReference; fileEncoding = 4; lastKnownFileType = sourcecode.c.h; path = EngineShutDownException.h; sourceTree = "<group>"; };
		2072E09D11E395E00037B632 /* EngineShutDownException.cpp */ = {isa = PBXFileReference; fileEncoding = 4; lastKnownFileType = sourcecode.cpp.cpp; path = EngineShutDownException.cpp; sourceTree = "<group>"; };
		2078874711E076F600AE6011 /* TerminalOutlet.h */ = {isa = PBXFileReference; fileEncoding = 4; lastKnownFileType = sourcecode.c.h; path = TerminalOutlet.h; sourceTree = "<group>"; };
		2078874811E076F600AE6011 /* TerminalOutlet.cpp */ = {isa = PBXFileReference; fileEncoding = 4; lastKnownFileType = sourcecode.cpp.cpp; path = TerminalOutlet.cpp; sourceTree = "<group>"; };
		2078874A11E0772200AE6011 /* FileOutlet.h */ = {isa = PBXFileReference; fileEncoding = 4; lastKnownFileType = sourcecode.c.h; path = FileOutlet.h; sourceTree = "<group>"; };
		2078874B11E0772200AE6011 /* FileOutlet.cpp */ = {isa = PBXFileReference; fileEncoding = 4; lastKnownFileType = sourcecode.cpp.cpp; path = FileOutlet.cpp; sourceTree = "<group>"; };
		2078874D11E077AC00AE6011 /* PopupOutlet.h */ = {isa = PBXFileReference; fileEncoding = 4; lastKnownFileType = sourcecode.c.h; path = PopupOutlet.h; sourceTree = "<group>"; };
		2078874E11E077AC00AE6011 /* PopupOutlet.cpp */ = {isa = PBXFileReference; fileEncoding = 4; lastKnownFileType = sourcecode.cpp.cpp; path = PopupOutlet.cpp; sourceTree = "<group>"; };
		2078875211E0828900AE6011 /* LogLevel.h */ = {isa = PBXFileReference; fileEncoding = 4; lastKnownFileType = sourcecode.c.h; path = LogLevel.h; sourceTree = "<group>"; };
		2078875711E0929C00AE6011 /* EngineThreadMediator.h */ = {isa = PBXFileReference; fileEncoding = 4; lastKnownFileType = sourcecode.c.h; path = EngineThreadMediator.h; sourceTree = "<group>"; };
		2078875811E0929C00AE6011 /* EngineThreadMediator.cpp */ = {isa = PBXFileReference; fileEncoding = 4; lastKnownFileType = sourcecode.cpp.cpp; path = EngineThreadMediator.cpp; sourceTree = "<group>"; };
		207A9F6611DB785800A60DF2 /* HourglassII.app */ = {isa = PBXFileReference; explicitFileType = wrapper.application; includeInIndex = 0; path = HourglassII.app; sourceTree = BUILT_PRODUCTS_DIR; };
		207A9F7011DB798200A60DF2 /* main.cpp */ = {isa = PBXFileReference; fileEncoding = 4; lastKnownFileType = sourcecode.cpp.cpp; path = main.cpp; sourceTree = "<group>"; };
		2081D7D811E41CE10010E9DE /* Box.cpp */ = {isa = PBXFileReference; fileEncoding = 4; lastKnownFileType = sourcecode.cpp.cpp; name = Box.cpp; path = ../../HourglassII_2.1/Box.cpp; sourceTree = SOURCE_ROOT; };
		2081D7D911E41CE10010E9DE /* Box.h */ = {isa = PBXFileReference; fileEncoding = 4; lastKnownFileType = sourcecode.c.h; name = Box.h; path = ../../HourglassII_2.1/Box.h; sourceTree = SOURCE_ROOT; };
		2081D7DA11E41CE10010E9DE /* Guy.cpp */ = {isa = PBXFileReference; fileEncoding = 4; lastKnownFileType = sourcecode.cpp.cpp; name = Guy.cpp; path = ../../HourglassII_2.1/Guy.cpp; sourceTree = SOURCE_ROOT; };
		2081D7DB11E41CE10010E9DE /* Guy.h */ = {isa = PBXFileReference; fileEncoding = 4; lastKnownFileType = sourcecode.c.h; name = Guy.h; path = ../../HourglassII_2.1/Guy.h; sourceTree = SOURCE_ROOT; };
		2081D7DC11E41CE10010E9DE /* InputList.cpp */ = {isa = PBXFileReference; fileEncoding = 4; lastKnownFileType = sourcecode.cpp.cpp; name = InputList.cpp; path = ../../HourglassII_2.1/InputList.cpp; sourceTree = SOURCE_ROOT; };
		2081D7DD11E41CE10010E9DE /* InputList.h */ = {isa = PBXFileReference; fileEncoding = 4; lastKnownFileType = sourcecode.c.h; name = InputList.h; path = ../../HourglassII_2.1/InputList.h; sourceTree = SOURCE_ROOT; };
		2081D7DE11E41CE10010E9DE /* Item.cpp */ = {isa = PBXFileReference; fileEncoding = 4; lastKnownFileType = sourcecode.cpp.cpp; name = Item.cpp; path = ../../HourglassII_2.1/Item.cpp; sourceTree = SOURCE_ROOT; };
		2081D7DF11E41CE10010E9DE /* Item.h */ = {isa = PBXFileReference; fileEncoding = 4; lastKnownFileType = sourcecode.c.h; name = Item.h; path = ../../HourglassII_2.1/Item.h; sourceTree = SOURCE_ROOT; };
		2081D7E011E41CE10010E9DE /* ItemType.h */ = {isa = PBXFileReference; fileEncoding = 4; lastKnownFileType = sourcecode.c.h; name = ItemType.h; path = ../../HourglassII_2.1/ItemType.h; sourceTree = SOURCE_ROOT; };
		2081D7E111E41CE10010E9DE /* ObjectList.cpp */ = {isa = PBXFileReference; fileEncoding = 4; lastKnownFileType = sourcecode.cpp.cpp; name = ObjectList.cpp; path = ../../HourglassII_2.1/ObjectList.cpp; sourceTree = SOURCE_ROOT; };
		2081D7E211E41CE10010E9DE /* ObjectList.h */ = {isa = PBXFileReference; fileEncoding = 4; lastKnownFileType = sourcecode.c.h; name = ObjectList.h; path = ../../HourglassII_2.1/ObjectList.h; sourceTree = SOURCE_ROOT; };
		2081D7E311E41CE10010E9DE /* PhysicsEngine.cpp */ = {isa = PBXFileReference; fileEncoding = 4; lastKnownFileType = sourcecode.cpp.cpp; name = PhysicsEngine.cpp; path = ../../HourglassII_2.1/PhysicsEngine.cpp; sourceTree = SOURCE_ROOT; };
		2081D7E411E41CE10010E9DE /* PhysicsEngine.h */ = {isa = PBXFileReference; fileEncoding = 4; lastKnownFileType = sourcecode.c.h; name = PhysicsEngine.h; path = ../../HourglassII_2.1/PhysicsEngine.h; sourceTree = SOURCE_ROOT; };
		2081D7E511E41CE10010E9DE /* Pickup.cpp */ = {isa = PBXFileReference; fileEncoding = 4; lastKnownFileType = sourcecode.cpp.cpp; name = Pickup.cpp; path = ../../HourglassII_2.1/Pickup.cpp; sourceTree = SOURCE_ROOT; };
		2081D7E611E41CE10010E9DE /* Pickup.h */ = {isa = PBXFileReference; fileEncoding = 4; lastKnownFileType = sourcecode.c.h; name = Pickup.h; path = ../../HourglassII_2.1/Pickup.h; sourceTree = SOURCE_ROOT; };
		2081D7E711E41CE10010E9DE /* Platform.cpp */ = {isa = PBXFileReference; fileEncoding = 4; lastKnownFileType = sourcecode.cpp.cpp; name = Platform.cpp; path = ../../HourglassII_2.1/Platform.cpp; sourceTree = SOURCE_ROOT; };
		2081D7E811E41CE10010E9DE /* Platform.h */ = {isa = PBXFileReference; fileEncoding = 4; lastKnownFileType = sourcecode.c.h; name = Platform.h; path = ../../HourglassII_2.1/Platform.h; sourceTree = SOURCE_ROOT; };
		2081D7E911E41CE10010E9DE /* Switch.cpp */ = {isa = PBXFileReference; fileEncoding = 4; lastKnownFileType = sourcecode.cpp.cpp; name = Switch.cpp; path = ../../HourglassII_2.1/Switch.cpp; sourceTree = SOURCE_ROOT; };
		2081D7EA11E41CE10010E9DE /* Switch.h */ = {isa = PBXFileReference; fileEncoding = 4; lastKnownFileType = sourcecode.c.h; name = Switch.h; path = ../../HourglassII_2.1/Switch.h; sourceTree = SOURCE_ROOT; };
		2081D7EC11E41CE10010E9DE /* TimeEngine.cpp */ = {isa = PBXFileReference; fileEncoding = 4; lastKnownFileType = sourcecode.cpp.cpp; name = TimeEngine.cpp; path = ../../HourglassII_2.1/TimeEngine.cpp; sourceTree = SOURCE_ROOT; };
		2081D7ED11E41CE10010E9DE /* TimeEngine.h */ = {isa = PBXFileReference; fileEncoding = 4; lastKnownFileType = sourcecode.c.h; name = TimeEngine.h; path = ../../HourglassII_2.1/TimeEngine.h; sourceTree = SOURCE_ROOT; };
		2081D7EE11E41CE10010E9DE /* UpdateStackMember.cpp */ = {isa = PBXFileReference; fileEncoding = 4; lastKnownFileType = sourcecode.cpp.cpp; name = UpdateStackMember.cpp; path = ../../HourglassII_2.1/UpdateStackMember.cpp; sourceTree = SOURCE_ROOT; };
		2081D7EF11E41CE10010E9DE /* UpdateStackMember.h */ = {isa = PBXFileReference; fileEncoding = 4; lastKnownFileType = sourcecode.c.h; name = UpdateStackMember.h; path = ../../HourglassII_2.1/UpdateStackMember.h; sourceTree = SOURCE_ROOT; };
		208E78F811DEFECE00B39F90 /* English */ = {isa = PBXFileReference; fileEncoding = 4; lastKnownFileType = text.plist.xml; name = English; path = "HourglassII-Info.plist"; sourceTree = "<group>"; };
		208E78FA11DEFECE00B39F90 /* English */ = {isa = PBXFileReference; lastKnownFileType = file.xib; name = English; path = MainMenu.xib; sourceTree = "<group>"; };
		20B4746D11E1606B000EDD34 /* AssertionException.h */ = {isa = PBXFileReference; fileEncoding = 4; lastKnownFileType = sourcecode.c.h; path = AssertionException.h; sourceTree = "<group>"; };
		20B4746E11E1606B000EDD34 /* AssertionException.cpp */ = {isa = PBXFileReference; fileEncoding = 4; lastKnownFileType = sourcecode.cpp.cpp; path = AssertionException.cpp; sourceTree = "<group>"; };
		20B4747011E16092000EDD34 /* Exception.h */ = {isa = PBXFileReference; fileEncoding = 4; lastKnownFileType = sourcecode.c.h; path = Exception.h; sourceTree = "<group>"; };
		20B4747111E16092000EDD34 /* Exception.cpp */ = {isa = PBXFileReference; fileEncoding = 4; lastKnownFileType = sourcecode.cpp.cpp; path = Exception.cpp; sourceTree = "<group>"; };
		20B476AC11E18E85000EDD34 /* MainEngine.h */ = {isa = PBXFileReference; fileEncoding = 4; lastKnownFileType = sourcecode.c.h; path = MainEngine.h; sourceTree = "<group>"; };
		20B476AD11E18E85000EDD34 /* MainEngine.cpp */ = {isa = PBXFileReference; fileEncoding = 4; lastKnownFileType = sourcecode.cpp.cpp; path = MainEngine.cpp; sourceTree = "<group>"; };
		20B476B511E19FC7000EDD34 /* GameEngine.h */ = {isa = PBXFileReference; fileEncoding = 4; lastKnownFileType = sourcecode.c.h; path = GameEngine.h; sourceTree = "<group>"; };
		20B476B611E19FC7000EDD34 /* GameEngine.cpp */ = {isa = PBXFileReference; fileEncoding = 4; lastKnownFileType = sourcecode.cpp.cpp; path = GameEngine.cpp; sourceTree = "<group>"; };
		20B477A811E1E4E9000EDD34 /* DeferredCall.h */ = {isa = PBXFileReference; fileEncoding = 4; lastKnownFileType = sourcecode.c.h; path = DeferredCall.h; sourceTree = "<group>"; };
		20B477AB11E1E818000EDD34 /* DeferredCallFromCallable.h */ = {isa = PBXFileReference; fileEncoding = 4; lastKnownFileType = sourcecode.c.h; path = DeferredCallFromCallable.h; sourceTree = "<group>"; };
		20C3F29D11DF807A00F2DCD0 /* HourglassSwirl.icns */ = {isa = PBXFileReference; lastKnownFileType = image.icns; name = HourglassSwirl.icns; path = resources/HourglassSwirl.icns; sourceTree = "<group>"; };
		20CACFBE11DC48FB00DE923B /* Tracer.h */ = {isa = PBXFileReference; fileEncoding = 4; lastKnownFileType = sourcecode.c.h; path = Tracer.h; sourceTree = "<group>"; };
		20CACFBF11DC48FB00DE923B /* Tracer.cpp */ = {isa = PBXFileReference; fileEncoding = 4; lastKnownFileType = sourcecode.cpp.cpp; path = Tracer.cpp; sourceTree = "<group>"; };
		20CACFDE11DC5DD900DE923B /* HourglassAssert.cpp */ = {isa = PBXFileReference; fileEncoding = 4; lastKnownFileType = sourcecode.cpp.cpp; path = HourglassAssert.cpp; sourceTree = "<group>"; };
		20CACFDF11DC5DD900DE923B /* HourglassAssert.h */ = {isa = PBXFileReference; fileEncoding = 4; lastKnownFileType = sourcecode.c.h; path = HourglassAssert.h; sourceTree = "<group>"; };
		20CACFE211DC65B800DE923B /* Logger.h */ = {isa = PBXFileReference; fileEncoding = 4; lastKnownFileType = sourcecode.c.h; path = Logger.h; sourceTree = "<group>"; };
		20CACFE311DC65B800DE923B /* Logger.cpp */ = {isa = PBXFileReference; fileEncoding = 4; lastKnownFileType = sourcecode.cpp.cpp; path = Logger.cpp; sourceTree = "<group>"; };
		20CACFE511DC65D300DE923B /* Outlet.h */ = {isa = PBXFileReference; fileEncoding = 4; lastKnownFileType = sourcecode.c.h; path = Outlet.h; sourceTree = "<group>"; };
		20CACFE611DC65D300DE923B /* Outlet.cpp */ = {isa = PBXFileReference; fileEncoding = 4; lastKnownFileType = sourcecode.cpp.cpp; path = Outlet.cpp; sourceTree = "<group>"; };
/* End PBXFileReference section */

/* Begin PBXFrameworksBuildPhase section */
		207A9F6411DB785800A60DF2 /* Frameworks */ = {
			isa = PBXFrameworksBuildPhase;
			buildActionMask = 2147483647;
			files = (
			);
			runOnlyForDeploymentPostprocessing = 0;
		};
/* End PBXFrameworksBuildPhase section */

/* Begin PBXGroup section */
		2071D03311DB8FC3008858F5 /* src */ = {
			isa = PBXGroup;
			children = (
				2081D7D711E41CC10010E9DE /* TimeEngine */,
				20B4776411E1BF9F000EDD34 /* GameEngine */,
				20B4776311E1BF6F000EDD34 /* MainEngine */,
				20B4776011E1BF19000EDD34 /* Utility */,
				207A9F7011DB798200A60DF2 /* main.cpp */,
			);
			name = src;
			sourceTree = "<group>";
		};
		207A9F5811DB783300A60DF2 = {
			isa = PBXGroup;
			children = (
				2071D03311DB8FC3008858F5 /* src */,
				207A9F8811DB7AA100A60DF2 /* Resources */,
				207A9F6711DB785800A60DF2 /* Products */,
			);
			sourceTree = "<group>";
		};
		207A9F6711DB785800A60DF2 /* Products */ = {
			isa = PBXGroup;
			children = (
				207A9F6611DB785800A60DF2 /* HourglassII.app */,
			);
			name = Products;
			sourceTree = "<group>";
		};
		207A9F8811DB7AA100A60DF2 /* Resources */ = {
			isa = PBXGroup;
			children = (
				20C3F29D11DF807A00F2DCD0 /* HourglassSwirl.icns */,
				208E78F711DEFECE00B39F90 /* HourglassII-Info.plist */,
				208E78F911DEFECE00B39F90 /* MainMenu.xib */,
			);
			name = Resources;
			sourceTree = "<group>";
		};
		2081D7D711E41CC10010E9DE /* TimeEngine */ = {
			isa = PBXGroup;
			children = (
				2081D7D811E41CE10010E9DE /* Box.cpp */,
				2081D7D911E41CE10010E9DE /* Box.h */,
				2081D7DA11E41CE10010E9DE /* Guy.cpp */,
				2081D7DB11E41CE10010E9DE /* Guy.h */,
				2081D7DC11E41CE10010E9DE /* InputList.cpp */,
				2081D7DD11E41CE10010E9DE /* InputList.h */,
				2081D7DE11E41CE10010E9DE /* Item.cpp */,
				2081D7DF11E41CE10010E9DE /* Item.h */,
				2081D7E011E41CE10010E9DE /* ItemType.h */,
				2081D7E111E41CE10010E9DE /* ObjectList.cpp */,
				2081D7E211E41CE10010E9DE /* ObjectList.h */,
				2081D7E311E41CE10010E9DE /* PhysicsEngine.cpp */,
				2081D7E411E41CE10010E9DE /* PhysicsEngine.h */,
				2081D7E511E41CE10010E9DE /* Pickup.cpp */,
				2081D7E611E41CE10010E9DE /* Pickup.h */,
				2081D7E711E41CE10010E9DE /* Platform.cpp */,
				2081D7E811E41CE10010E9DE /* Platform.h */,
				2081D7E911E41CE10010E9DE /* Switch.cpp */,
				2081D7EA11E41CE10010E9DE /* Switch.h */,
				2081D7EC11E41CE10010E9DE /* TimeEngine.cpp */,
				2081D7ED11E41CE10010E9DE /* TimeEngine.h */,
				2081D7EE11E41CE10010E9DE /* UpdateStackMember.cpp */,
				2081D7EF11E41CE10010E9DE /* UpdateStackMember.h */,
			);
			name = TimeEngine;
			sourceTree = "<group>";
		};
		20B4776011E1BF19000EDD34 /* Utility */ = {
			isa = PBXGroup;
			children = (
				20B4776211E1BF4B000EDD34 /* Exceptions */,
				20CACFDF11DC5DD900DE923B /* HourglassAssert.h */,
				20CACFDE11DC5DD900DE923B /* HourglassAssert.cpp */,
				20CACFBE11DC48FB00DE923B /* Tracer.h */,
				20CACFBF11DC48FB00DE923B /* Tracer.cpp */,
				20B4776111E1BF27000EDD34 /* Logger */,
			);
			name = Utility;
			sourceTree = "<group>";
		};
		20B4776111E1BF27000EDD34 /* Logger */ = {
			isa = PBXGroup;
			children = (
				2078875211E0828900AE6011 /* LogLevel.h */,
				20CACFE211DC65B800DE923B /* Logger.h */,
				20CACFE311DC65B800DE923B /* Logger.cpp */,
				20CACFE511DC65D300DE923B /* Outlet.h */,
				20CACFE611DC65D300DE923B /* Outlet.cpp */,
				2078874711E076F600AE6011 /* TerminalOutlet.h */,
				2078874811E076F600AE6011 /* TerminalOutlet.cpp */,
				2078874A11E0772200AE6011 /* FileOutlet.h */,
				2078874B11E0772200AE6011 /* FileOutlet.cpp */,
				2078874D11E077AC00AE6011 /* PopupOutlet.h */,
				2078874E11E077AC00AE6011 /* PopupOutlet.cpp */,
			);
			name = Logger;
			sourceTree = "<group>";
		};
		20B4776211E1BF4B000EDD34 /* Exceptions */ = {
			isa = PBXGroup;
			children = (
				20B4747011E16092000EDD34 /* Exception.h */,
				20B4747111E16092000EDD34 /* Exception.cpp */,
				20B4746D11E1606B000EDD34 /* AssertionException.h */,
				20B4746E11E1606B000EDD34 /* AssertionException.cpp */,
				2072E09C11E395E00037B632 /* EngineShutDownException.h */,
				2072E09D11E395E00037B632 /* EngineShutDownException.cpp */,
			);
			name = Exceptions;
			sourceTree = "<group>";
		};
		20B4776311E1BF6F000EDD34 /* MainEngine */ = {
			isa = PBXGroup;
			children = (
				20B476AC11E18E85000EDD34 /* MainEngine.h */,
				20B476AD11E18E85000EDD34 /* MainEngine.cpp */,
				2078875711E0929C00AE6011 /* EngineThreadMediator.h */,
				2078875811E0929C00AE6011 /* EngineThreadMediator.cpp */,
				20B4776511E1BFB6000EDD34 /* Helper */,
			);
			name = MainEngine;
			sourceTree = "<group>";
		};
		20B4776411E1BF9F000EDD34 /* GameEngine */ = {
			isa = PBXGroup;
			children = (
				20B476B511E19FC7000EDD34 /* GameEngine.h */,
				20B476B611E19FC7000EDD34 /* GameEngine.cpp */,
			);
			name = GameEngine;
			sourceTree = "<group>";
		};
		20B4776511E1BFB6000EDD34 /* Helper */ = {
			isa = PBXGroup;
			children = (
				2072DCCA11E2BB0C0037B632 /* Action.h */,
				2072DCCB11E2BB1D0037B632 /* ActionFromCallable.h */,
				20B477A811E1E4E9000EDD34 /* DeferredCall.h */,
				20B477AB11E1E818000EDD34 /* DeferredCallFromCallable.h */,
				2072DF7111E37D9A0037B632 /* DeferredCallWrapper.h */,
			);
			name = Helper;
			sourceTree = "<group>";
		};
/* End PBXGroup section */

/* Begin PBXNativeTarget section */
		207A9F6511DB785800A60DF2 /* HourglassII */ = {
			isa = PBXNativeTarget;
			buildConfigurationList = 207A9F6C11DB785900A60DF2 /* Build configuration list for PBXNativeTarget "HourglassII" */;
			buildPhases = (
				207A9F6211DB785800A60DF2 /* Resources */,
				207A9F6311DB785800A60DF2 /* Sources */,
				207A9F6411DB785800A60DF2 /* Frameworks */,
			);
			buildRules = (
			);
			dependencies = (
			);
			name = HourglassII;
			productName = HourglassII;
			productReference = 207A9F6611DB785800A60DF2 /* HourglassII.app */;
			productType = "com.apple.product-type.application";
		};
/* End PBXNativeTarget section */

/* Begin PBXProject section */
		207A9F5A11DB783300A60DF2 /* Project object */ = {
			isa = PBXProject;
			attributes = {
				ORGANIZATIONNAME = "Team Causality";
			};
			buildConfigurationList = 207A9F5D11DB783300A60DF2 /* Build configuration list for PBXProject "HourglassIIGameAlleg4" */;
			compatibilityVersion = "Xcode 3.2";
			hasScannedForEncodings = 0;
			mainGroup = 207A9F5811DB783300A60DF2;
			productRefGroup = 207A9F6711DB785800A60DF2 /* Products */;
			projectDirPath = "";
			projectRoot = "";
			targets = (
				207A9F6511DB785800A60DF2 /* HourglassII */,
			);
		};
/* End PBXProject section */

/* Begin PBXResourcesBuildPhase section */
		207A9F6211DB785800A60DF2 /* Resources */ = {
			isa = PBXResourcesBuildPhase;
			buildActionMask = 2147483647;
			files = (
				208E78FC11DEFECE00B39F90 /* MainMenu.xib in Resources */,
				20C3F29E11DF807A00F2DCD0 /* HourglassSwirl.icns in Resources */,
			);
			runOnlyForDeploymentPostprocessing = 0;
		};
/* End PBXResourcesBuildPhase section */

/* Begin PBXSourcesBuildPhase section */
		207A9F6311DB785800A60DF2 /* Sources */ = {
			isa = PBXSourcesBuildPhase;
			buildActionMask = 2147483647;
			files = (
				207A9F7111DB798200A60DF2 /* main.cpp in Sources */,
				20CACFC011DC48FB00DE923B /* Tracer.cpp in Sources */,
				20CACFE011DC5DD900DE923B /* HourglassAssert.cpp in Sources */,
				20CACFE411DC65B800DE923B /* Logger.cpp in Sources */,
				20CACFE711DC65D300DE923B /* Outlet.cpp in Sources */,
				2078874911E076F600AE6011 /* TerminalOutlet.cpp in Sources */,
				2078874C11E0772200AE6011 /* FileOutlet.cpp in Sources */,
				2078874F11E077AC00AE6011 /* PopupOutlet.cpp in Sources */,
				2078875911E0929C00AE6011 /* EngineThreadMediator.cpp in Sources */,
				20B4746F11E1606B000EDD34 /* AssertionException.cpp in Sources */,
				20B4747211E16092000EDD34 /* Exception.cpp in Sources */,
				20B476AE11E18E85000EDD34 /* MainEngine.cpp in Sources */,
				20B476B711E19FC7000EDD34 /* GameEngine.cpp in Sources */,
				2072E09E11E395E00037B632 /* EngineShutDownException.cpp in Sources */,
				2081D7F011E41CE10010E9DE /* Box.cpp in Sources */,
				2081D7F111E41CE10010E9DE /* Guy.cpp in Sources */,
				2081D7F211E41CE10010E9DE /* InputList.cpp in Sources */,
				2081D7F311E41CE10010E9DE /* Item.cpp in Sources */,
				2081D7F411E41CE10010E9DE /* ObjectList.cpp in Sources */,
				2081D7F511E41CE10010E9DE /* PhysicsEngine.cpp in Sources */,
				2081D7F611E41CE10010E9DE /* Pickup.cpp in Sources */,
				2081D7F711E41CE10010E9DE /* Platform.cpp in Sources */,
				2081D7F811E41CE10010E9DE /* Switch.cpp in Sources */,
				2081D7FA11E41CE10010E9DE /* TimeEngine.cpp in Sources */,
				2081D7FB11E41CE10010E9DE /* UpdateStackMember.cpp in Sources */,
			);
			runOnlyForDeploymentPostprocessing = 0;
		};
/* End PBXSourcesBuildPhase section */

/* Begin PBXVariantGroup section */
		208E78F711DEFECE00B39F90 /* HourglassII-Info.plist */ = {
			isa = PBXVariantGroup;
			children = (
				208E78F811DEFECE00B39F90 /* English */,
			);
			name = "HourglassII-Info.plist";
			path = resources/English.lproj;
			sourceTree = "<group>";
		};
		208E78F911DEFECE00B39F90 /* MainMenu.xib */ = {
			isa = PBXVariantGroup;
			children = (
				208E78FA11DEFECE00B39F90 /* English */,
			);
			name = MainMenu.xib;
			path = resources/English.lproj;
			sourceTree = "<group>";
		};
/* End PBXVariantGroup section */

/* Begin XCBuildConfiguration section */
		207A9F5B11DB783300A60DF2 /* Debug */ = {
			isa = XCBuildConfiguration;
			buildSettings = {
				COPY_PHASE_STRIP = NO;
			};
			name = Debug;
		};
		207A9F5C11DB783300A60DF2 /* Release */ = {
			isa = XCBuildConfiguration;
			buildSettings = {
				COPY_PHASE_STRIP = YES;
			};
			name = Release;
		};
		207A9F6A11DB785800A60DF2 /* Debug */ = {
			isa = XCBuildConfiguration;
			buildSettings = {
				ALWAYS_SEARCH_USER_PATHS = NO;
				ARCHS = "$(ARCHS_STANDARD_32_BIT)";
				COPY_PHASE_STRIP = NO;
				GCC_DYNAMIC_NO_PIC = NO;
				GCC_ENABLE_FIX_AND_CONTINUE = YES;
				GCC_MODEL_TUNING = G5;
				GCC_OPTIMIZATION_LEVEL = 0;
				GCC_PRECOMPILE_PREFIX_HEADER = NO;
				GCC_PREFIX_HEADER = "";
				GCC_VERSION = 4.2;
				GCC_WARN_64_TO_32_BIT_CONVERSION = YES;
				GCC_WARN_ABOUT_GLOBAL_CONSTRUCTORS = YES;
				GCC_WARN_ABOUT_MISSING_FIELD_INITIALIZERS = YES;
				GCC_WARN_ABOUT_MISSING_NEWLINE = YES;
				GCC_WARN_ABOUT_MISSING_PROTOTYPES = YES;
				GCC_WARN_ABOUT_RETURN_TYPE = YES;
				GCC_WARN_CHECK_SWITCH_STATEMENTS = YES;
				GCC_WARN_EFFECTIVE_CPLUSPLUS_VIOLATIONS = YES;
				GCC_WARN_FOUR_CHARACTER_CONSTANTS = YES;
				GCC_WARN_HIDDEN_VIRTUAL_FUNCTIONS = YES;
				GCC_WARN_INITIALIZER_NOT_FULLY_BRACKETED = YES;
				GCC_WARN_MISSING_PARENTHESES = YES;
				GCC_WARN_MULTIPLE_DEFINITION_TYPES_FOR_SELECTOR = NO;
				GCC_WARN_NON_VIRTUAL_DESTRUCTOR = YES;
				GCC_WARN_PROTOTYPE_CONVERSION = YES;
				GCC_WARN_SHADOW = YES;
				GCC_WARN_SIGN_COMPARE = YES;
				GCC_WARN_UNINITIALIZED_AUTOS = NO;
				GCC_WARN_UNKNOWN_PRAGMAS = YES;
				GCC_WARN_UNUSED_FUNCTION = YES;
				GCC_WARN_UNUSED_LABEL = YES;
				GCC_WARN_UNUSED_PARAMETER = YES;
				GCC_WARN_UNUSED_VALUE = YES;
				GCC_WARN_UNUSED_VARIABLE = YES;
				HEADER_SEARCH_PATHS = (
					/Users/evan/Programming/clean_boost/,
					/Users/evan/Programming/allegro_universal/include,
				);
				INFOPLIST_FILE = "resources/English.lproj/HourglassII-Info.plist";
				INSTALL_PATH = "$(HOME)/Applications";
				LIBRARY_SEARCH_PATHS = (
					/Users/evan/Programming/boost/library/lib,
					/Users/evan/Programming/allegro_universal/lib,
				);
				ONLY_ACTIVE_ARCH = YES;
				OTHER_LDFLAGS = (
					"-framework",
					Cocoa,
					"-lalleg-main",
					"-lalleg",
					"-lboost_thread",
				);
				PREBINDING = NO;
				PRODUCT_NAME = HourglassII;
				SDKROOT = macosx10.5;
				VALID_ARCHS = i386;
				WARNING_CFLAGS = "-Wall";
			};
			name = Debug;
		};
		207A9F6B11DB785800A60DF2 /* Release */ = {
			isa = XCBuildConfiguration;
			buildSettings = {
				ALWAYS_SEARCH_USER_PATHS = NO;
				ARCHS = "$(ARCHS_STANDARD_32_BIT)";
				COPY_PHASE_STRIP = YES;
				DEBUG_INFORMATION_FORMAT = "dwarf-with-dsym";
				GCC_AUTO_VECTORIZATION = YES;
				GCC_ENABLE_FIX_AND_CONTINUE = NO;
				GCC_ENABLE_SSE3_EXTENSIONS = YES;
				GCC_ENABLE_SSE41_EXTENSIONS = YES;
				GCC_ENABLE_SSE42_EXTENSIONS = YES;
				GCC_ENABLE_SUPPLEMENTAL_SSE3_INSTRUCTIONS = YES;
				GCC_MODEL_TUNING = G5;
				GCC_OPTIMIZATION_LEVEL = 3;
				GCC_PRECOMPILE_PREFIX_HEADER = NO;
				GCC_PREFIX_HEADER = "";
				GCC_STRICT_ALIASING = YES;
				GCC_UNROLL_LOOPS = YES;
				GCC_VERSION = 4.2;
				GCC_WARN_64_TO_32_BIT_CONVERSION = YES;
				GCC_WARN_ABOUT_GLOBAL_CONSTRUCTORS = YES;
				GCC_WARN_ABOUT_MISSING_FIELD_INITIALIZERS = YES;
				GCC_WARN_ABOUT_MISSING_NEWLINE = YES;
				GCC_WARN_ABOUT_MISSING_PROTOTYPES = YES;
				GCC_WARN_ABOUT_RETURN_TYPE = YES;
				GCC_WARN_CHECK_SWITCH_STATEMENTS = YES;
				GCC_WARN_EFFECTIVE_CPLUSPLUS_VIOLATIONS = YES;
				GCC_WARN_FOUR_CHARACTER_CONSTANTS = YES;
				GCC_WARN_HIDDEN_VIRTUAL_FUNCTIONS = YES;
				GCC_WARN_INITIALIZER_NOT_FULLY_BRACKETED = YES;
				GCC_WARN_MISSING_PARENTHESES = YES;
				GCC_WARN_MULTIPLE_DEFINITION_TYPES_FOR_SELECTOR = NO;
				GCC_WARN_NON_VIRTUAL_DESTRUCTOR = YES;
				GCC_WARN_PROTOTYPE_CONVERSION = YES;
				GCC_WARN_SHADOW = YES;
				GCC_WARN_SIGN_COMPARE = YES;
				GCC_WARN_UNINITIALIZED_AUTOS = NO;
				GCC_WARN_UNKNOWN_PRAGMAS = YES;
				GCC_WARN_UNUSED_FUNCTION = YES;
				GCC_WARN_UNUSED_LABEL = YES;
				GCC_WARN_UNUSED_PARAMETER = YES;
				GCC_WARN_UNUSED_VALUE = YES;
				GCC_WARN_UNUSED_VARIABLE = YES;
				HEADER_SEARCH_PATHS = (
					/Users/evan/Programming/clean_boost/,
					/Users/evan/Programming/allegro_universal/include,
				);
				INFOPLIST_FILE = "resources/English.lproj/HourglassII-Info.plist";
				INSTALL_PATH = "$(HOME)/Applications";
				LIBRARY_SEARCH_PATHS = (
					/Users/evan/Programming/boost/boost_1_43_0/stage/lib,
					/Users/evan/Programming/allegro_universal/lib,
				);
				ONLY_ACTIVE_ARCH = YES;
				OTHER_LDFLAGS = (
					"-framework",
					Cocoa,
					"-lalleg-main",
					"-lalleg",
					"-lboost_thread",
				);
				PREBINDING = NO;
				PRODUCT_NAME = HourglassII;
				SDKROOT = macosx10.5;
				VALID_ARCHS = i386;
				WARNING_CFLAGS = "-Wall";
				ZERO_LINK = NO;
			};
			name = Release;
		};
/* End XCBuildConfiguration section */

/* Begin XCConfigurationList section */
		207A9F5D11DB783300A60DF2 /* Build configuration list for PBXProject "HourglassIIGameAlleg4" */ = {
			isa = XCConfigurationList;
			buildConfigurations = (
				207A9F5B11DB783300A60DF2 /* Debug */,
				207A9F5C11DB783300A60DF2 /* Release */,
			);
			defaultConfigurationIsVisible = 0;
			defaultConfigurationName = Release;
		};
		207A9F6C11DB785900A60DF2 /* Build configuration list for PBXNativeTarget "HourglassII" */ = {
			isa = XCConfigurationList;
			buildConfigurations = (
				207A9F6A11DB785800A60DF2 /* Debug */,
				207A9F6B11DB785800A60DF2 /* Release */,
			);
			defaultConfigurationIsVisible = 0;
			defaultConfigurationName = Release;
		};
/* End XCConfigurationList section */
	};
	rootObject = 207A9F5A11DB783300A60DF2 /* Project object */;
}
