// !$*UTF8*$!
{
	archiveVersion = 1;
	classes = {
	};
	objectVersion = 42;
	objects = {

/* Begin PBXBuildFile section */
		20700DFA11F578B0009794E1 /* Hg_Input.cpp in Sources */ = {isa = PBXBuildFile; fileRef = 20700DF911F578B0009794E1 /* Hg_Input.cpp */; };
		20700E4311F59927009794E1 /* libboost_thread.a in Frameworks */ = {isa = PBXBuildFile; fileRef = 20700DE611F576AB009794E1 /* libboost_thread.a */; };
		20AEACFF11F3DF0A003617DB /* ArrivalDepartureMap.cpp in Sources */ = {isa = PBXBuildFile; fileRef = 20AEACFE11F3DF0A003617DB /* ArrivalDepartureMap.cpp */; };
		20AEAD0111F3DF0A003617DB /* ArrivalDepartureMap.h in Sources */ = {isa = PBXBuildFile; fileRef = 20AEAD0011F3DF0A003617DB /* ArrivalDepartureMap.h */; };
		20AEAD0311F3DF0A003617DB /* Box.cpp in Sources */ = {isa = PBXBuildFile; fileRef = 20AEAD0211F3DF0A003617DB /* Box.cpp */; };
		20AEAD0511F3DF0A003617DB /* Box.h in Sources */ = {isa = PBXBuildFile; fileRef = 20AEAD0411F3DF0A003617DB /* Box.h */; };
		20AEAD0711F3DF0A003617DB /* Guy.cpp in Sources */ = {isa = PBXBuildFile; fileRef = 20AEAD0611F3DF0A003617DB /* Guy.cpp */; };
		20AEAD0911F3DF0A003617DB /* Guy.h in Sources */ = {isa = PBXBuildFile; fileRef = 20AEAD0811F3DF0A003617DB /* Guy.h */; };
		20AEAD0B11F3DF0A003617DB /* InputList.cpp in Sources */ = {isa = PBXBuildFile; fileRef = 20AEAD0A11F3DF0A003617DB /* InputList.cpp */; };
		20AEAD0D11F3DF0A003617DB /* InputList.h in Sources */ = {isa = PBXBuildFile; fileRef = 20AEAD0C11F3DF0A003617DB /* InputList.h */; };
		20AEAD0F11F3DF0A003617DB /* Item.cpp in Sources */ = {isa = PBXBuildFile; fileRef = 20AEAD0E11F3DF0A003617DB /* Item.cpp */; };
		20AEAD1111F3DF0A003617DB /* Item.h in Sources */ = {isa = PBXBuildFile; fileRef = 20AEAD1011F3DF0A003617DB /* Item.h */; };
		20AEAD1311F3DF0A003617DB /* ItemType.h in Sources */ = {isa = PBXBuildFile; fileRef = 20AEAD1211F3DF0A003617DB /* ItemType.h */; };
		20AEAD1511F3DF0A003617DB /* ObjectList.cpp in Sources */ = {isa = PBXBuildFile; fileRef = 20AEAD1411F3DF0A003617DB /* ObjectList.cpp */; };
		20AEAD1711F3DF0A003617DB /* ObjectList.h in Sources */ = {isa = PBXBuildFile; fileRef = 20AEAD1611F3DF0A003617DB /* ObjectList.h */; };
		20AEAD1911F3DF0B003617DB /* PhysicsEngine.cpp in Sources */ = {isa = PBXBuildFile; fileRef = 20AEAD1811F3DF0B003617DB /* PhysicsEngine.cpp */; };
		20AEAD1B11F3DF0B003617DB /* PhysicsEngine.h in Sources */ = {isa = PBXBuildFile; fileRef = 20AEAD1A11F3DF0B003617DB /* PhysicsEngine.h */; };
		20AEAD1D11F3DF0B003617DB /* Pickup.cpp in Sources */ = {isa = PBXBuildFile; fileRef = 20AEAD1C11F3DF0B003617DB /* Pickup.cpp */; };
		20AEAD1F11F3DF0B003617DB /* Pickup.h in Sources */ = {isa = PBXBuildFile; fileRef = 20AEAD1E11F3DF0B003617DB /* Pickup.h */; };
		20AEAD2111F3DF0B003617DB /* Platform.cpp in Sources */ = {isa = PBXBuildFile; fileRef = 20AEAD2011F3DF0B003617DB /* Platform.cpp */; };
		20AEAD2311F3DF0B003617DB /* Platform.h in Sources */ = {isa = PBXBuildFile; fileRef = 20AEAD2211F3DF0B003617DB /* Platform.h */; };
		20AEAD2511F3DF0B003617DB /* Switch.cpp in Sources */ = {isa = PBXBuildFile; fileRef = 20AEAD2411F3DF0B003617DB /* Switch.cpp */; };
		20AEAD2711F3DF0B003617DB /* Switch.h in Sources */ = {isa = PBXBuildFile; fileRef = 20AEAD2611F3DF0B003617DB /* Switch.h */; };
		20AEAD2911F3DF0B003617DB /* TimeEngine.cpp in Sources */ = {isa = PBXBuildFile; fileRef = 20AEAD2811F3DF0B003617DB /* TimeEngine.cpp */; };
		20AEAD2B11F3DF0B003617DB /* TimeEngine.h in Sources */ = {isa = PBXBuildFile; fileRef = 20AEAD2A11F3DF0B003617DB /* TimeEngine.h */; };
		20AEAD2D11F3DF0B003617DB /* TimeObjectListList.cpp in Sources */ = {isa = PBXBuildFile; fileRef = 20AEAD2C11F3DF0B003617DB /* TimeObjectListList.cpp */; };
		20AEAD2F11F3DF0B003617DB /* TimeObjectListList.h in Sources */ = {isa = PBXBuildFile; fileRef = 20AEAD2E11F3DF0B003617DB /* TimeObjectListList.h */; };
		20AEAD3111F3DF0B003617DB /* UpdateStackMember.cpp in Sources */ = {isa = PBXBuildFile; fileRef = 20AEAD3011F3DF0B003617DB /* UpdateStackMember.cpp */; };
		20AEAD3311F3DF0B003617DB /* UpdateStackMember.h in Sources */ = {isa = PBXBuildFile; fileRef = 20AEAD3211F3DF0B003617DB /* UpdateStackMember.h */; };
		A0072ADE0F1D0EC500B4A594 /* sfml-system.framework in Copy Frameworks */ = {isa = PBXBuildFile; fileRef = A01FB6CB0F07CFF2000AAC7B /* sfml-system.framework */; };
		A0072ADF0F1D0EC500B4A594 /* sfml-window.framework in Copy Frameworks */ = {isa = PBXBuildFile; fileRef = A01FB6CC0F07CFF2000AAC7B /* sfml-window.framework */; };
		A0072AE00F1D0EC500B4A594 /* sfml-graphics.framework in Copy Frameworks */ = {isa = PBXBuildFile; fileRef = A01FB6CA0F07CFF2000AAC7B /* sfml-graphics.framework */; };
		A01FB6C90F07CFCE000AAC7B /* main.cpp in Sources */ = {isa = PBXBuildFile; fileRef = A01FB6C80F07CFCE000AAC7B /* main.cpp */; };
		A01FB6CE0F07CFF2000AAC7B /* sfml-graphics.framework in Frameworks */ = {isa = PBXBuildFile; fileRef = A01FB6CA0F07CFF2000AAC7B /* sfml-graphics.framework */; };
		A01FB6CF0F07CFF2000AAC7B /* sfml-system.framework in Frameworks */ = {isa = PBXBuildFile; fileRef = A01FB6CB0F07CFF2000AAC7B /* sfml-system.framework */; };
		A01FB6D00F07CFF2000AAC7B /* sfml-window.framework in Frameworks */ = {isa = PBXBuildFile; fileRef = A01FB6CC0F07CFF2000AAC7B /* sfml-window.framework */; };
/* End PBXBuildFile section */

/* Begin PBXCopyFilesBuildPhase section */
		A0072AF00F1D0EDD00B4A594 /* Copy Frameworks */ = {
			isa = PBXCopyFilesBuildPhase;
			buildActionMask = 2147483647;
			dstPath = "";
			dstSubfolderSpec = 10;
			files = (
				A0072ADE0F1D0EC500B4A594 /* sfml-system.framework in Copy Frameworks */,
				A0072ADF0F1D0EC500B4A594 /* sfml-window.framework in Copy Frameworks */,
				A0072AE00F1D0EC500B4A594 /* sfml-graphics.framework in Copy Frameworks */,
			);
			name = "Copy Frameworks";
			runOnlyForDeploymentPostprocessing = 0;
		};
/* End PBXCopyFilesBuildPhase section */

/* Begin PBXFileReference section */
		20700DE611F576AB009794E1 /* libboost_thread.a */ = {isa = PBXFileReference; lastKnownFileType = archive.ar; name = libboost_thread.a; path = /Users/evan/Programming/boost/library/lib/libboost_thread.a; sourceTree = "<absolute>"; };
		20700DF811F578B0009794E1 /* Hg_Input.h */ = {isa = PBXFileReference; fileEncoding = 4; lastKnownFileType = sourcecode.c.h; path = Hg_Input.h; sourceTree = "<group>"; };
		20700DF911F578B0009794E1 /* Hg_Input.cpp */ = {isa = PBXFileReference; fileEncoding = 4; lastKnownFileType = sourcecode.cpp.cpp; path = Hg_Input.cpp; sourceTree = "<group>"; };
		207D22DD1204099E00CC5C54 /* TimeDirection.h */ = {isa = PBXFileReference; fileEncoding = 4; lastKnownFileType = sourcecode.c.h; name = TimeDirection.h; path = ../../HourglassII_2.1/TimeDirection.h; sourceTree = SOURCE_ROOT; };
		20AEACFE11F3DF0A003617DB /* ArrivalDepartureMap.cpp */ = {isa = PBXFileReference; lastKnownFileType = sourcecode.cpp.cpp; name = ArrivalDepartureMap.cpp; path = /Users/evan/Documents/workspace/HourglassII_2.1/ArrivalDepartureMap.cpp; sourceTree = "<absolute>"; };
		20AEAD0011F3DF0A003617DB /* ArrivalDepartureMap.h */ = {isa = PBXFileReference; lastKnownFileType = sourcecode.c.h; name = ArrivalDepartureMap.h; path = /Users/evan/Documents/workspace/HourglassII_2.1/ArrivalDepartureMap.h; sourceTree = "<absolute>"; };
		20AEAD0211F3DF0A003617DB /* Box.cpp */ = {isa = PBXFileReference; lastKnownFileType = sourcecode.cpp.cpp; name = Box.cpp; path = /Users/evan/Documents/workspace/HourglassII_2.1/Box.cpp; sourceTree = "<absolute>"; };
		20AEAD0411F3DF0A003617DB /* Box.h */ = {isa = PBXFileReference; lastKnownFileType = sourcecode.c.h; name = Box.h; path = /Users/evan/Documents/workspace/HourglassII_2.1/Box.h; sourceTree = "<absolute>"; };
		20AEAD0611F3DF0A003617DB /* Guy.cpp */ = {isa = PBXFileReference; lastKnownFileType = sourcecode.cpp.cpp; name = Guy.cpp; path = /Users/evan/Documents/workspace/HourglassII_2.1/Guy.cpp; sourceTree = "<absolute>"; };
		20AEAD0811F3DF0A003617DB /* Guy.h */ = {isa = PBXFileReference; lastKnownFileType = sourcecode.c.h; name = Guy.h; path = /Users/evan/Documents/workspace/HourglassII_2.1/Guy.h; sourceTree = "<absolute>"; };
		20AEAD0A11F3DF0A003617DB /* InputList.cpp */ = {isa = PBXFileReference; lastKnownFileType = sourcecode.cpp.cpp; name = InputList.cpp; path = /Users/evan/Documents/workspace/HourglassII_2.1/InputList.cpp; sourceTree = "<absolute>"; };
		20AEAD0C11F3DF0A003617DB /* InputList.h */ = {isa = PBXFileReference; lastKnownFileType = sourcecode.c.h; name = InputList.h; path = /Users/evan/Documents/workspace/HourglassII_2.1/InputList.h; sourceTree = "<absolute>"; };
		20AEAD0E11F3DF0A003617DB /* Item.cpp */ = {isa = PBXFileReference; lastKnownFileType = sourcecode.cpp.cpp; name = Item.cpp; path = /Users/evan/Documents/workspace/HourglassII_2.1/Item.cpp; sourceTree = "<absolute>"; };
		20AEAD1011F3DF0A003617DB /* Item.h */ = {isa = PBXFileReference; lastKnownFileType = sourcecode.c.h; name = Item.h; path = /Users/evan/Documents/workspace/HourglassII_2.1/Item.h; sourceTree = "<absolute>"; };
		20AEAD1211F3DF0A003617DB /* ItemType.h */ = {isa = PBXFileReference; lastKnownFileType = sourcecode.c.h; name = ItemType.h; path = /Users/evan/Documents/workspace/HourglassII_2.1/ItemType.h; sourceTree = "<absolute>"; };
		20AEAD1411F3DF0A003617DB /* ObjectList.cpp */ = {isa = PBXFileReference; lastKnownFileType = sourcecode.cpp.cpp; name = ObjectList.cpp; path = /Users/evan/Documents/workspace/HourglassII_2.1/ObjectList.cpp; sourceTree = "<absolute>"; };
		20AEAD1611F3DF0A003617DB /* ObjectList.h */ = {isa = PBXFileReference; lastKnownFileType = sourcecode.c.h; name = ObjectList.h; path = /Users/evan/Documents/workspace/HourglassII_2.1/ObjectList.h; sourceTree = "<absolute>"; };
		20AEAD1811F3DF0B003617DB /* PhysicsEngine.cpp */ = {isa = PBXFileReference; lastKnownFileType = sourcecode.cpp.cpp; name = PhysicsEngine.cpp; path = /Users/evan/Documents/workspace/HourglassII_2.1/PhysicsEngine.cpp; sourceTree = "<absolute>"; };
		20AEAD1A11F3DF0B003617DB /* PhysicsEngine.h */ = {isa = PBXFileReference; lastKnownFileType = sourcecode.c.h; name = PhysicsEngine.h; path = /Users/evan/Documents/workspace/HourglassII_2.1/PhysicsEngine.h; sourceTree = "<absolute>"; };
		20AEAD1C11F3DF0B003617DB /* Pickup.cpp */ = {isa = PBXFileReference; lastKnownFileType = sourcecode.cpp.cpp; name = Pickup.cpp; path = /Users/evan/Documents/workspace/HourglassII_2.1/Pickup.cpp; sourceTree = "<absolute>"; };
		20AEAD1E11F3DF0B003617DB /* Pickup.h */ = {isa = PBXFileReference; lastKnownFileType = sourcecode.c.h; name = Pickup.h; path = /Users/evan/Documents/workspace/HourglassII_2.1/Pickup.h; sourceTree = "<absolute>"; };
		20AEAD2011F3DF0B003617DB /* Platform.cpp */ = {isa = PBXFileReference; lastKnownFileType = sourcecode.cpp.cpp; name = Platform.cpp; path = /Users/evan/Documents/workspace/HourglassII_2.1/Platform.cpp; sourceTree = "<absolute>"; };
		20AEAD2211F3DF0B003617DB /* Platform.h */ = {isa = PBXFileReference; lastKnownFileType = sourcecode.c.h; name = Platform.h; path = /Users/evan/Documents/workspace/HourglassII_2.1/Platform.h; sourceTree = "<absolute>"; };
		20AEAD2411F3DF0B003617DB /* Switch.cpp */ = {isa = PBXFileReference; lastKnownFileType = sourcecode.cpp.cpp; name = Switch.cpp; path = /Users/evan/Documents/workspace/HourglassII_2.1/Switch.cpp; sourceTree = "<absolute>"; };
		20AEAD2611F3DF0B003617DB /* Switch.h */ = {isa = PBXFileReference; lastKnownFileType = sourcecode.c.h; name = Switch.h; path = /Users/evan/Documents/workspace/HourglassII_2.1/Switch.h; sourceTree = "<absolute>"; };
		20AEAD2811F3DF0B003617DB /* TimeEngine.cpp */ = {isa = PBXFileReference; lastKnownFileType = sourcecode.cpp.cpp; name = TimeEngine.cpp; path = /Users/evan/Documents/workspace/HourglassII_2.1/TimeEngine.cpp; sourceTree = "<absolute>"; };
		20AEAD2A11F3DF0B003617DB /* TimeEngine.h */ = {isa = PBXFileReference; lastKnownFileType = sourcecode.c.h; name = TimeEngine.h; path = /Users/evan/Documents/workspace/HourglassII_2.1/TimeEngine.h; sourceTree = "<absolute>"; };
		20AEAD2C11F3DF0B003617DB /* TimeObjectListList.cpp */ = {isa = PBXFileReference; lastKnownFileType = sourcecode.cpp.cpp; name = TimeObjectListList.cpp; path = /Users/evan/Documents/workspace/HourglassII_2.1/TimeObjectListList.cpp; sourceTree = "<absolute>"; };
		20AEAD2E11F3DF0B003617DB /* TimeObjectListList.h */ = {isa = PBXFileReference; lastKnownFileType = sourcecode.c.h; name = TimeObjectListList.h; path = /Users/evan/Documents/workspace/HourglassII_2.1/TimeObjectListList.h; sourceTree = "<absolute>"; };
		20AEAD3011F3DF0B003617DB /* UpdateStackMember.cpp */ = {isa = PBXFileReference; lastKnownFileType = sourcecode.cpp.cpp; name = UpdateStackMember.cpp; path = /Users/evan/Documents/workspace/HourglassII_2.1/UpdateStackMember.cpp; sourceTree = "<absolute>"; };
		20AEAD3211F3DF0B003617DB /* UpdateStackMember.h */ = {isa = PBXFileReference; lastKnownFileType = sourcecode.c.h; name = UpdateStackMember.h; path = /Users/evan/Documents/workspace/HourglassII_2.1/UpdateStackMember.h; sourceTree = "<absolute>"; };
		A01FB6A90F07CF6E000AAC7B /* HourglassIIGameSFML.app */ = {isa = PBXFileReference; explicitFileType = wrapper.application; includeInIndex = 0; path = HourglassIIGameSFML.app; sourceTree = BUILT_PRODUCTS_DIR; };
		A01FB6AC0F07CF6E000AAC7B /* Info.plist */ = {isa = PBXFileReference; lastKnownFileType = text.plist.xml; path = Info.plist; sourceTree = "<group>"; };
		A01FB6C80F07CFCE000AAC7B /* main.cpp */ = {isa = PBXFileReference; fileEncoding = 30; lastKnownFileType = sourcecode.cpp.cpp; path = main.cpp; sourceTree = "<group>"; };
		A01FB6CA0F07CFF2000AAC7B /* sfml-graphics.framework */ = {isa = PBXFileReference; lastKnownFileType = wrapper.framework; name = "sfml-graphics.framework"; path = "/Library/Frameworks/sfml-graphics.framework"; sourceTree = "<absolute>"; };
		A01FB6CB0F07CFF2000AAC7B /* sfml-system.framework */ = {isa = PBXFileReference; lastKnownFileType = wrapper.framework; name = "sfml-system.framework"; path = "/Library/Frameworks/sfml-system.framework"; sourceTree = "<absolute>"; };
		A01FB6CC0F07CFF2000AAC7B /* sfml-window.framework */ = {isa = PBXFileReference; lastKnownFileType = wrapper.framework; name = "sfml-window.framework"; path = "/Library/Frameworks/sfml-window.framework"; sourceTree = "<absolute>"; };
		A01FB6CD0F07CFF2000AAC7B /* SFML.framework */ = {isa = PBXFileReference; lastKnownFileType = wrapper.framework; name = SFML.framework; path = /Library/Frameworks/SFML.framework; sourceTree = "<absolute>"; };
/* End PBXFileReference section */

/* Begin PBXFrameworksBuildPhase section */
		A01FB6A70F07CF6E000AAC7B /* Frameworks */ = {
			isa = PBXFrameworksBuildPhase;
			buildActionMask = 2147483647;
			files = (
				20700E4311F59927009794E1 /* libboost_thread.a in Frameworks */,
				A01FB6CE0F07CFF2000AAC7B /* sfml-graphics.framework in Frameworks */,
				A01FB6CF0F07CFF2000AAC7B /* sfml-system.framework in Frameworks */,
				A01FB6D00F07CFF2000AAC7B /* sfml-window.framework in Frameworks */,
			);
			runOnlyForDeploymentPostprocessing = 0;
		};
/* End PBXFrameworksBuildPhase section */

/* Begin PBXGroup section */
		20AEACFD11F3DEB3003617DB /* TimeEngine */ = {
			isa = PBXGroup;
			children = (
				20AEAD0011F3DF0A003617DB /* ArrivalDepartureMap.h */,
				20AEACFE11F3DF0A003617DB /* ArrivalDepartureMap.cpp */,
				20AEAD0411F3DF0A003617DB /* Box.h */,
				20AEAD0211F3DF0A003617DB /* Box.cpp */,
				20AEAD0811F3DF0A003617DB /* Guy.h */,
				20AEAD0611F3DF0A003617DB /* Guy.cpp */,
				20AEAD0C11F3DF0A003617DB /* InputList.h */,
				20AEAD0A11F3DF0A003617DB /* InputList.cpp */,
				20AEAD1011F3DF0A003617DB /* Item.h */,
				20AEAD0E11F3DF0A003617DB /* Item.cpp */,
				20AEAD1211F3DF0A003617DB /* ItemType.h */,
				20AEAD1611F3DF0A003617DB /* ObjectList.h */,
				20AEAD1411F3DF0A003617DB /* ObjectList.cpp */,
				20AEAD1A11F3DF0B003617DB /* PhysicsEngine.h */,
				20AEAD1811F3DF0B003617DB /* PhysicsEngine.cpp */,
				20AEAD1E11F3DF0B003617DB /* Pickup.h */,
				20AEAD1C11F3DF0B003617DB /* Pickup.cpp */,
				20AEAD2211F3DF0B003617DB /* Platform.h */,
				20AEAD2011F3DF0B003617DB /* Platform.cpp */,
				20AEAD2611F3DF0B003617DB /* Switch.h */,
				20AEAD2411F3DF0B003617DB /* Switch.cpp */,
				20AEAD2A11F3DF0B003617DB /* TimeEngine.h */,
				20AEAD2811F3DF0B003617DB /* TimeEngine.cpp */,
				20AEAD2E11F3DF0B003617DB /* TimeObjectListList.h */,
				20AEAD2C11F3DF0B003617DB /* TimeObjectListList.cpp */,
				20AEAD3011F3DF0B003617DB /* UpdateStackMember.cpp */,
				20AEAD3211F3DF0B003617DB /* UpdateStackMember.h */,
				207D22DD1204099E00CC5C54 /* TimeDirection.h */,
			);
			name = TimeEngine;
			sourceTree = "<group>";
		};
		A01FB69A0F07CF63000AAC7B = {
			isa = PBXGroup;
			children = (
				A01FB6B20F07CF80000AAC7B /* Sources */,
				A01FB6B10F07CF7C000AAC7B /* Resources */,
				A01FB6B00F07CF75000AAC7B /* Frameworks */,
				A01FB6AA0F07CF6E000AAC7B /* Products */,
				20700DE611F576AB009794E1 /* libboost_thread.a */,
			);
			sourceTree = "<group>";
		};
		A01FB6AA0F07CF6E000AAC7B /* Products */ = {
			isa = PBXGroup;
			children = (
				A01FB6A90F07CF6E000AAC7B /* HourglassIIGameSFML.app */,
			);
			name = Products;
			sourceTree = "<group>";
		};
		A01FB6B00F07CF75000AAC7B /* Frameworks */ = {
			isa = PBXGroup;
			children = (
				A01FB6CD0F07CFF2000AAC7B /* SFML.framework */,
				A01FB6CB0F07CFF2000AAC7B /* sfml-system.framework */,
				A01FB6CC0F07CFF2000AAC7B /* sfml-window.framework */,
				A01FB6CA0F07CFF2000AAC7B /* sfml-graphics.framework */,
			);
			name = Frameworks;
			sourceTree = "<group>";
		};
		A01FB6B10F07CF7C000AAC7B /* Resources */ = {
			isa = PBXGroup;
			children = (
				A01FB6AC0F07CF6E000AAC7B /* Info.plist */,
			);
			name = Resources;
			sourceTree = "<group>";
		};
		A01FB6B20F07CF80000AAC7B /* Sources */ = {
			isa = PBXGroup;
			children = (
				20AEACFD11F3DEB3003617DB /* TimeEngine */,
				A01FB6C80F07CFCE000AAC7B /* main.cpp */,
				20700DF811F578B0009794E1 /* Hg_Input.h */,
				20700DF911F578B0009794E1 /* Hg_Input.cpp */,
			);
			name = Sources;
			sourceTree = "<group>";
		};
/* End PBXGroup section */

/* Begin PBXNativeTarget section */
		A01FB6A80F07CF6E000AAC7B /* HourglassIIGameSFML */ = {
			isa = PBXNativeTarget;
			buildConfigurationList = A01FB6AF0F07CF6F000AAC7B /* Build configuration list for PBXNativeTarget "HourglassIIGameSFML" */;
			buildPhases = (
				A01FB6A50F07CF6E000AAC7B /* Resources */,
				A01FB6A60F07CF6E000AAC7B /* Sources */,
				A01FB6A70F07CF6E000AAC7B /* Frameworks */,
				A0072AF00F1D0EDD00B4A594 /* Copy Frameworks */,
			);
			buildRules = (
			);
			dependencies = (
			);
			name = HourglassIIGameSFML;
			productName = HourglassIIGameSFML;
			productReference = A01FB6A90F07CF6E000AAC7B /* HourglassIIGameSFML.app */;
			productType = "com.apple.product-type.application";
		};
/* End PBXNativeTarget section */

/* Begin PBXProject section */
		A01FB69C0F07CF63000AAC7B /* Project object */ = {
			isa = PBXProject;
			buildConfigurationList = A01FB69F0F07CF63000AAC7B /* Build configuration list for PBXProject "HourglassIIGameSFML" */;
			compatibilityVersion = "Xcode 2.4";
			hasScannedForEncodings = 0;
			mainGroup = A01FB69A0F07CF63000AAC7B;
			productRefGroup = A01FB6AA0F07CF6E000AAC7B /* Products */;
			projectDirPath = "";
			projectRoot = "";
			targets = (
				A01FB6A80F07CF6E000AAC7B /* HourglassIIGameSFML */,
			);
		};
/* End PBXProject section */

/* Begin PBXResourcesBuildPhase section */
		A01FB6A50F07CF6E000AAC7B /* Resources */ = {
			isa = PBXResourcesBuildPhase;
			buildActionMask = 2147483647;
			files = (
			);
			runOnlyForDeploymentPostprocessing = 0;
		};
/* End PBXResourcesBuildPhase section */

/* Begin PBXSourcesBuildPhase section */
		A01FB6A60F07CF6E000AAC7B /* Sources */ = {
			isa = PBXSourcesBuildPhase;
			buildActionMask = 2147483647;
			files = (
				20AEACFF11F3DF0A003617DB /* ArrivalDepartureMap.cpp in Sources */,
				20AEAD0111F3DF0A003617DB /* ArrivalDepartureMap.h in Sources */,
				20AEAD0311F3DF0A003617DB /* Box.cpp in Sources */,
				20AEAD0511F3DF0A003617DB /* Box.h in Sources */,
				20AEAD0711F3DF0A003617DB /* Guy.cpp in Sources */,
				20AEAD0911F3DF0A003617DB /* Guy.h in Sources */,
				20AEAD0B11F3DF0A003617DB /* InputList.cpp in Sources */,
				20AEAD0D11F3DF0A003617DB /* InputList.h in Sources */,
				20AEAD0F11F3DF0A003617DB /* Item.cpp in Sources */,
				20AEAD1111F3DF0A003617DB /* Item.h in Sources */,
				20AEAD1311F3DF0A003617DB /* ItemType.h in Sources */,
				20AEAD1511F3DF0A003617DB /* ObjectList.cpp in Sources */,
				20AEAD1711F3DF0A003617DB /* ObjectList.h in Sources */,
				20AEAD1911F3DF0B003617DB /* PhysicsEngine.cpp in Sources */,
				20AEAD1B11F3DF0B003617DB /* PhysicsEngine.h in Sources */,
				20AEAD1D11F3DF0B003617DB /* Pickup.cpp in Sources */,
				20AEAD1F11F3DF0B003617DB /* Pickup.h in Sources */,
				20AEAD2111F3DF0B003617DB /* Platform.cpp in Sources */,
				20AEAD2311F3DF0B003617DB /* Platform.h in Sources */,
				20AEAD2511F3DF0B003617DB /* Switch.cpp in Sources */,
				20AEAD2711F3DF0B003617DB /* Switch.h in Sources */,
				20AEAD2911F3DF0B003617DB /* TimeEngine.cpp in Sources */,
				20AEAD2B11F3DF0B003617DB /* TimeEngine.h in Sources */,
				20AEAD2D11F3DF0B003617DB /* TimeObjectListList.cpp in Sources */,
				20AEAD2F11F3DF0B003617DB /* TimeObjectListList.h in Sources */,
				20AEAD3111F3DF0B003617DB /* UpdateStackMember.cpp in Sources */,
				20AEAD3311F3DF0B003617DB /* UpdateStackMember.h in Sources */,
				A01FB6C90F07CFCE000AAC7B /* main.cpp in Sources */,
				20700DFA11F578B0009794E1 /* Hg_Input.cpp in Sources */,
			);
			runOnlyForDeploymentPostprocessing = 0;
		};
/* End PBXSourcesBuildPhase section */

/* Begin XCBuildConfiguration section */
		A01FB69D0F07CF63000AAC7B /* Debug */ = {
			isa = XCBuildConfiguration;
			buildSettings = {
				COPY_PHASE_STRIP = NO;
			};
			name = Debug;
		};
		A01FB69E0F07CF63000AAC7B /* Release */ = {
			isa = XCBuildConfiguration;
			buildSettings = {
				COPY_PHASE_STRIP = YES;
				GCC_VERSION = com.apple.compilers.llvmgcc42;
			};
			name = Release;
		};
		A01FB6AD0F07CF6F000AAC7B /* Debug */ = {
			isa = XCBuildConfiguration;
			buildSettings = {
				ALWAYS_SEARCH_USER_PATHS = NO;
				COPY_PHASE_STRIP = NO;
				GCC_DYNAMIC_NO_PIC = NO;
				GCC_ENABLE_FIX_AND_CONTINUE = YES;
				GCC_MODEL_TUNING = G5;
				GCC_OPTIMIZATION_LEVEL = 0;
				GCC_VERSION = 4.0;
				HEADER_SEARCH_PATHS = "\"$(SRCROOT)/../../../../Programming/clean_boost\"";
				INFOPLIST_FILE = Info.plist;
				INSTALL_PATH = "$(HOME)/Applications";
				LIBRARY_SEARCH_PATHS = (
					"$(inherited)",
					"$(LIBRARY_SEARCH_PATHS_QUOTED_FOR_TARGET_1)",
				);
				LIBRARY_SEARCH_PATHS_QUOTED_FOR_TARGET_1 = "\"$(SRCROOT)/../../../../Programming/boost/library/lib\"";
				PREBINDING = NO;
				PRODUCT_NAME = HourglassIIGameSFML;
			};
			name = Debug;
		};
		A01FB6AE0F07CF6F000AAC7B /* Release */ = {
			isa = XCBuildConfiguration;
			buildSettings = {
				ALWAYS_SEARCH_USER_PATHS = NO;
				ARCHS = "$(ARCHS_STANDARD_32_64_BIT_PRE_XCODE_3_1)";
				ARCHS_STANDARD_32_64_BIT_PRE_XCODE_3_1 = "x86_64 i386 ppc";
				COPY_PHASE_STRIP = YES;
				DEBUG_INFORMATION_FORMAT = "dwarf-with-dsym";
				GCC_ALTIVEC_EXTENSIONS = YES;
				GCC_AUTO_VECTORIZATION = YES;
				GCC_ENABLE_FIX_AND_CONTINUE = NO;
				GCC_ENABLE_SSE3_EXTENSIONS = YES;
				GCC_ENABLE_SSE41_EXTENSIONS = YES;
				GCC_ENABLE_SSE42_EXTENSIONS = YES;
				GCC_ENABLE_SUPPLEMENTAL_SSE3_INSTRUCTIONS = YES;
				GCC_FEEDBACK_DIRECTED_OPTIMIZATION = Off;
				GCC_INPUT_FILETYPE = sourcecode.cpp.cpp;
				GCC_MODEL_TUNING = G5;
				GCC_OPTIMIZATION_LEVEL = 3;
				GCC_STRICT_ALIASING = YES;
				GCC_UNROLL_LOOPS = YES;
				GCC_VERSION = 4.2;
				HEADER_SEARCH_PATHS = "\"$(SRCROOT)/../../../../Programming/clean_boost\"";
				INFOPLIST_FILE = Info.plist;
				INSTALL_PATH = "$(HOME)/Applications";
				LIBRARY_SEARCH_PATHS = (
					"$(inherited)",
					"$(LIBRARY_SEARCH_PATHS_QUOTED_FOR_TARGET_1)",
				);
				LIBRARY_SEARCH_PATHS_QUOTED_FOR_TARGET_1 = "\"$(SRCROOT)/../../../../Programming/boost/library/lib\"";
				MACOSX_DEPLOYMENT_TARGET = 10.5;
				PREBINDING = NO;
				PRODUCT_NAME = HourglassIIGameSFML;
				SDKROOT = /Developer/SDKs/MacOSX10.5.sdk;
				ZERO_LINK = NO;
			};
			name = Release;
		};
/* End XCBuildConfiguration section */

/* Begin XCConfigurationList section */
		A01FB69F0F07CF63000AAC7B /* Build configuration list for PBXProject "HourglassIIGameSFML" */ = {
			isa = XCConfigurationList;
			buildConfigurations = (
				A01FB69D0F07CF63000AAC7B /* Debug */,
				A01FB69E0F07CF63000AAC7B /* Release */,
			);
			defaultConfigurationIsVisible = 0;
			defaultConfigurationName = Release;
		};
		A01FB6AF0F07CF6F000AAC7B /* Build configuration list for PBXNativeTarget "HourglassIIGameSFML" */ = {
			isa = XCConfigurationList;
			buildConfigurations = (
				A01FB6AD0F07CF6F000AAC7B /* Debug */,
				A01FB6AE0F07CF6F000AAC7B /* Release */,
			);
			defaultConfigurationIsVisible = 0;
			defaultConfigurationName = Release;
		};
/* End XCConfigurationList section */
	};
	rootObject = A01FB69C0F07CF63000AAC7B /* Project object */;
}
